
Microsoft Visual Studio Solution File, Format Version 12.00
# Visual Studio Version 17
VisualStudioVersion = 17.12.35707.178
MinimumVisualStudioVersion = 10.0.40219.1
Project("{FAE04EC0-301F-11D3-BF4B-00C04F79EFBC}") = "NotNetBaseLearn", "NotNetBaseLearn\NotNetBaseLearn.csproj", "{60E937AF-9093-48B6-BF3C-2DE9A3C6E676}"
EndProject
Project("{FAE04EC0-301F-11D3-BF4B-00C04F79EFBC}") = "OpenAIConsole", "OpenAIConsole\OpenAIConsole.csproj", "{CC280360-7A80-45D9-B4D4-EC524B51265B}"
EndProject
Project("{2150E333-8FDC-42A3-9474-1A3956D46DE8}") = "Console", "Console", "{3E902C4D-956A-4C26-8E3E-4737E40E0C86}"
EndProject
Project("{FAE04EC0-301F-11D3-BF4B-00C04F79EFBC}") = "ConsoleAppDemo", "ConsoleAppDemo\ConsoleAppDemo.csproj", "{FB5FB513-3E67-4C54-B1B4-2C2A068C27F8}"
EndProject
Project("{2150E333-8FDC-42A3-9474-1A3956D46DE8}") = "AI", "AI", "{02EA681E-C7D8-13C7-8484-4AC65E1B71E8}"
EndProject
Project("{FAE04EC0-301F-11D3-BF4B-00C04F79EFBC}") = "AiDemo", "AiDemo\AiDemo.csproj", "{D237FBCC-F0AC-4F85-B9F5-7751E3EEB5D8}"
EndProject
Project("{FAE04EC0-301F-11D3-BF4B-00C04F79EFBC}") = "ChatDemo", "ChatDemo\ChatDemo.csproj", "{7FF9E83D-572C-4201-AC15-74C7830744DE}"
EndProject
Project("{2150E333-8FDC-42A3-9474-1A3956D46DE8}") = "Solution Items", "Solution Items", "{76A4333E-0A25-45FE-B7E3-84EAAFC1C9C5}"
	ProjectSection(SolutionItems) = preProject
		.editorconfig = .editorconfig
	EndProjectSection
EndProject
Project("{FAE04EC0-301F-11D3-BF4B-00C04F79EFBC}") = "VectorStoreSearchDemo", "VectorStoreSearchDemo\VectorStoreSearchDemo.csproj", "{F4683B6B-3D0D-4902-AB70-95DFB0CCDAE1}"
EndProject
Global
	GlobalSection(SolutionConfigurationPlatforms) = preSolution
		Debug|Any CPU = Debug|Any CPU
		Release|Any CPU = Release|Any CPU
	EndGlobalSection
	GlobalSection(ProjectConfigurationPlatforms) = postSolution
		{60E937AF-9093-48B6-BF3C-2DE9A3C6E676}.Debug|Any CPU.ActiveCfg = Debug|Any CPU
		{60E937AF-9093-48B6-BF3C-2DE9A3C6E676}.Debug|Any CPU.Build.0 = Debug|Any CPU
		{60E937AF-9093-48B6-BF3C-2DE9A3C6E676}.Release|Any CPU.ActiveCfg = Release|Any CPU
		{60E937AF-9093-48B6-BF3C-2DE9A3C6E676}.Release|Any CPU.Build.0 = Release|Any CPU
		{CC280360-7A80-45D9-B4D4-EC524B51265B}.Debug|Any CPU.ActiveCfg = Debug|Any CPU
		{CC280360-7A80-45D9-B4D4-EC524B51265B}.Debug|Any CPU.Build.0 = Debug|Any CPU
		{CC280360-7A80-45D9-B4D4-EC524B51265B}.Release|Any CPU.ActiveCfg = Release|Any CPU
		{CC280360-7A80-45D9-B4D4-EC524B51265B}.Release|Any CPU.Build.0 = Release|Any CPU
		{FB5FB513-3E67-4C54-B1B4-2C2A068C27F8}.Debug|Any CPU.ActiveCfg = Debug|Any CPU
		{FB5FB513-3E67-4C54-B1B4-2C2A068C27F8}.Debug|Any CPU.Build.0 = Debug|Any CPU
		{FB5FB513-3E67-4C54-B1B4-2C2A068C27F8}.Release|Any CPU.ActiveCfg = Release|Any CPU
		{FB5FB513-3E67-4C54-B1B4-2C2A068C27F8}.Release|Any CPU.Build.0 = Release|Any CPU
		{D237FBCC-F0AC-4F85-B9F5-7751E3EEB5D8}.Debug|Any CPU.ActiveCfg = Debug|Any CPU
		{D237FBCC-F0AC-4F85-B9F5-7751E3EEB5D8}.Debug|Any CPU.Build.0 = Debug|Any CPU
		{D237FBCC-F0AC-4F85-B9F5-7751E3EEB5D8}.Release|Any CPU.ActiveCfg = Release|Any CPU
		{D237FBCC-F0AC-4F85-B9F5-7751E3EEB5D8}.Release|Any CPU.Build.0 = Release|Any CPU
		{7FF9E83D-572C-4201-AC15-74C7830744DE}.Debug|Any CPU.ActiveCfg = Debug|Any CPU
		{7FF9E83D-572C-4201-AC15-74C7830744DE}.Debug|Any CPU.Build.0 = Debug|Any CPU
		{7FF9E83D-572C-4201-AC15-74C7830744DE}.Release|Any CPU.ActiveCfg = Release|Any CPU
		{7FF9E83D-572C-4201-AC15-74C7830744DE}.Release|Any CPU.Build.0 = Release|Any CPU
		{F4683B6B-3D0D-4902-AB70-95DFB0CCDAE1}.Debug|Any CPU.ActiveCfg = Debug|Any CPU
		{F4683B6B-3D0D-4902-AB70-95DFB0CCDAE1}.Debug|Any CPU.Build.0 = Debug|Any CPU
		{F4683B6B-3D0D-4902-AB70-95DFB0CCDAE1}.Release|Any CPU.ActiveCfg = Release|Any CPU
		{F4683B6B-3D0D-4902-AB70-95DFB0CCDAE1}.Release|Any CPU.Build.0 = Release|Any CPU
	EndGlobalSection
	GlobalSection(SolutionProperties) = preSolution
		HideSolutionNode = FALSE
	EndGlobalSection
	GlobalSection(NestedProjects) = preSolution
		{FB5FB513-3E67-4C54-B1B4-2C2A068C27F8} = {3E902C4D-956A-4C26-8E3E-4737E40E0C86}
		{D237FBCC-F0AC-4F85-B9F5-7751E3EEB5D8} = {02EA681E-C7D8-13C7-8484-4AC65E1B71E8}
		{7FF9E83D-572C-4201-AC15-74C7830744DE} = {02EA681E-C7D8-13C7-8484-4AC65E1B71E8}
		{F4683B6B-3D0D-4902-AB70-95DFB0CCDAE1} = {02EA681E-C7D8-13C7-8484-4AC65E1B71E8}
	EndGlobalSection
	GlobalSection(ExtensibilityGlobals) = postSolution
		SolutionGuid = {8B84BC2C-D9CC-461F-8742-B0175B9644BF}
	EndGlobalSection
EndGlobal
